
Microsoft Visual Studio Solution File, Format Version 12.00
# Visual Studio 15
Project("{FAE04EC0-301F-11D3-BF4B-00C04F79EFBC}") = "Unity.2D.Tilemap.Extras", "Unity.2D.Tilemap.Extras.csproj", "{81656A16-3567-EBDB-14D2-F14FEC2C451D}"
EndProject
Project("{FAE04EC0-301F-11D3-BF4B-00C04F79EFBC}") = "Assembly-CSharp", "Assembly-CSharp.csproj", "{2845B4CA-0D26-DBAB-DF67-C2A5DCF0DD9B}"
EndProject
Project("{FAE04EC0-301F-11D3-BF4B-00C04F79EFBC}") = "Unity.2D.Tilemap.Extras.Editor", "Unity.2D.Tilemap.Extras.Editor.csproj", "{D3F6CAE4-E910-AA36-08BE-588955755662}"
EndProject
Project("{FAE04EC0-301F-11D3-BF4B-00C04F79EFBC}") = "Unity.2D.Tilemap.Extras.Placeholder.EditorTests", "Unity.2D.Tilemap.Extras.Placeholder.EditorTests.csproj", "{BD7AF4D1-880E-0EFF-018F-36DAA01A76BC}"
EndProject
Global
	GlobalSection(SolutionConfigurationPlatforms) = preSolution
		Debug|Any CPU = Debug|Any CPU
		Release|Any CPU = Release|Any CPU
	EndGlobalSection
	GlobalSection(ProjectConfigurationPlatforms) = postSolution
		{81656A16-3567-EBDB-14D2-F14FEC2C451D}.Debug|Any CPU.ActiveCfg = Debug|Any CPU
		{81656A16-3567-EBDB-14D2-F14FEC2C451D}.Debug|Any CPU.Build.0 = Debug|Any CPU
		{81656A16-3567-EBDB-14D2-F14FEC2C451D}.Release|Any CPU.ActiveCfg = Release|Any CPU
		{81656A16-3567-EBDB-14D2-F14FEC2C451D}.Release|Any CPU.Build.0 = Release|Any CPU
		{2845B4CA-0D26-DBAB-DF67-C2A5DCF0DD9B}.Debug|Any CPU.ActiveCfg = Debug|Any CPU
		{2845B4CA-0D26-DBAB-DF67-C2A5DCF0DD9B}.Debug|Any CPU.Build.0 = Debug|Any CPU
		{2845B4CA-0D26-DBAB-DF67-C2A5DCF0DD9B}.Release|Any CPU.ActiveCfg = Release|Any CPU
		{2845B4CA-0D26-DBAB-DF67-C2A5DCF0DD9B}.Release|Any CPU.Build.0 = Release|Any CPU
		{D3F6CAE4-E910-AA36-08BE-588955755662}.Debug|Any CPU.ActiveCfg = Debug|Any CPU
		{D3F6CAE4-E910-AA36-08BE-588955755662}.Debug|Any CPU.Build.0 = Debug|Any CPU
		{D3F6CAE4-E910-AA36-08BE-588955755662}.Release|Any CPU.ActiveCfg = Release|Any CPU
		{D3F6CAE4-E910-AA36-08BE-588955755662}.Release|Any CPU.Build.0 = Release|Any CPU
		{BD7AF4D1-880E-0EFF-018F-36DAA01A76BC}.Debug|Any CPU.ActiveCfg = Debug|Any CPU
		{BD7AF4D1-880E-0EFF-018F-36DAA01A76BC}.Debug|Any CPU.Build.0 = Debug|Any CPU
		{BD7AF4D1-880E-0EFF-018F-36DAA01A76BC}.Release|Any CPU.ActiveCfg = Release|Any CPU
		{BD7AF4D1-880E-0EFF-018F-36DAA01A76BC}.Release|Any CPU.Build.0 = Release|Any CPU
	EndGlobalSection
	GlobalSection(SolutionProperties) = preSolution
		HideSolutionNode = FALSE
	EndGlobalSection
EndGlobal
